{
  "nodes": {
    "flakelight": {
      "inputs": {
        "nixpkgs": [
          "nixpkgs"
        ]
      },
      "locked": {
        "lastModified": 1698117938,
        "narHash": "sha256-tK7KjvzQwvbsZWsvmI4kolltpZR+/Gr7tw+U9mwp4Pg=",
        "owner": "accelbread",
        "repo": "flakelight",
        "rev": "6d00e0f544ddd7849a9104414c5d76cc15adb8a2",
        "type": "github"
      },
      "original": {
        "owner": "accelbread",
        "repo": "flakelight",
        "type": "github"
      }
    },
    "mealie": {
      "flake": false,
      "locked": {
        "lastModified": 1698982357,
        "narHash": "sha256-D2vakpoIglRlL/e3N6qjhtJllDSIVzd5lh+yUpj1aDE=",
        "owner": "mealie-recipes",
        "repo": "mealie",
        "rev": "94cf690e8f21ca23a9414d695c8b7495b47b0652",
        "type": "github"
      },
      "original": {
        "owner": "mealie-recipes",
        "ref": "mealie-next",
        "repo": "mealie",
        "type": "github"
      }
    },
    "nixpkgs": {
      "locked": {
        "lastModified": 1698846319,
        "narHash": "sha256-4jyW/dqFBVpWFnhl0nvP6EN4lP7/ZqPxYRjl6var0Oc=",
        "owner": "nixos",
        "repo": "nixpkgs",
        "rev": "34bdaaf1f0b7fb6d9091472edc968ff10a8c2857",
        "type": "github"
      },
      "original": {
        "owner": "nixos",
        "ref": "nixos-23.05",
        "repo": "nixpkgs",
        "type": "github"
      }
    },
    "root": {
      "inputs": {
        "flakelight": "flakelight",
        "mealie": "mealie",
        "nixpkgs": "nixpkgs"
      }
    }
  },
  "root": "root",
  "version": 7
}
