{
  "nodes": {
    "flakelight": {
      "inputs": {
        "nixpkgs": [
          "nixpkgs"
        ]
      },
      "locked": {
        "lastModified": 1699341227,
        "narHash": "sha256-zFksGsCDiUSIdm/hEwUNbR3VYrsmfi+/ryrMC0ZPhlU=",
        "owner": "accelbread",
        "repo": "flakelight",
        "rev": "ff24d5d4330db69a4dc4e6fdb97ca3ce9f8881a2",
        "type": "github"
      },
      "original": {
        "owner": "accelbread",
        "repo": "flakelight",
        "type": "github"
      }
    },
    "mealie": {
      "flake": false,
      "locked": {
        "lastModified": 1700062256,
        "narHash": "sha256-D8bKKRR1wj9fX/DqQ/Ak0IZfhZP/H6RtQowoiWUd4UA=",
        "owner": "mealie-recipes",
        "repo": "mealie",
        "rev": "25898496828a04d5a384ffd33b2cb79560978a76",
        "type": "github"
      },
      "original": {
        "owner": "mealie-recipes",
        "ref": "mealie-next",
        "repo": "mealie",
        "type": "github"
      }
    },
    "nixpkgs": {
      "locked": {
        "lastModified": 1700097215,
        "narHash": "sha256-ODQ3gBTv1iHd7lG21H+ErVISB5wVeOhd/dEogOqHs/I=",
        "owner": "nixos",
        "repo": "nixpkgs",
        "rev": "9fb122519e9cd465d532f736a98c1e1eb541ef6f",
        "type": "github"
      },
      "original": {
        "owner": "nixos",
        "ref": "nixos-23.05",
        "repo": "nixpkgs",
        "type": "github"
      }
    },
    "root": {
      "inputs": {
        "flakelight": "flakelight",
        "mealie": "mealie",
        "nixpkgs": "nixpkgs"
      }
    }
  },
  "root": "root",
  "version": 7
}
