name: Update flake.lock

on:
  workflow_dispatch: # allows manual triggering
  schedule:
    - cron: "0 0 * * 0" # runs weekly on Sunday at 00:00

jobs:
  lockfile:
    runs-on: ubuntu-latest
    steps:
      - uses: actions/checkout@8459bc0c7e3759cdf591f513d9f141a95fef0a8f # pin@main
      - uses: DeterminateSystems/nix-installer-action@5c49fa4feb9cc164719a4e7df4b56065cc9e4a91 # pin@main
        # with:
        #   nix-installer-tag: v0.16.1 # https://github.com/DeterminateSystems/nix-installer/tags
      - uses: DeterminateSystems/magic-nix-cache-action@ab33fc26afd4e9af0f46d7e366a54caf1ff09ca4 # pin@main
      - uses: DeterminateSystems/update-flake-lock@cc5f0647496bde16c80c785160d9b2609482b93a # pin@main
        with:
          pr-title: "build: update flake.lock"
          pr-labels: |
            build
            bot
