name: Update flake.lock

on:
  workflow_dispatch: # allows manual triggering
  schedule:
    - cron: "0 0 * * 0" # runs weekly on Sunday at 00:00

jobs:
  lockfile:
    runs-on: ubuntu-latest
    steps:
      - uses: actions/checkout@b80ff79f1755d06ba70441c368a6fe801f5f3a62 # pin@main
      - uses: DeterminateSystems/nix-installer-action@75ffa7fc743135e1db864b699d78402ccc8ed988 # pin@main
        # with:
        #   nix-installer-tag: v0.16.1 # https://github.com/DeterminateSystems/nix-installer/tags
      - uses: DeterminateSystems/magic-nix-cache-action@cc5cb2a8e564e59817aae8da6f7c6a9eee4aa0c9 # pin@main
      - uses: DeterminateSystems/update-flake-lock@222f041780a88f7f379bd7a3c3327585e435db5b # pin@main
        with:
          pr-title: "build: update flake.lock"
          pr-labels: |
            build
            bot
